
Microsoft Visual Studio Solution File, Format Version 12.00
# Visual Studio Version 16
VisualStudioVersion = 16.0.30804.86
MinimumVisualStudioVersion = 10.0.40219.1
Project("{FAE04EC0-301F-11D3-BF4B-00C04F79EFBC}") = "PAENN", "PAENN.csproj", "{ACCCB9EB-7A40-4B73-AA83-A6A71861BA76}"
EndProject
Global
	GlobalSection(SolutionConfigurationPlatforms) = preSolution
		Debug|Any CPU = Debug|Any CPU
		Release|Any CPU = Release|Any CPU
	EndGlobalSection
	GlobalSection(ProjectConfigurationPlatforms) = postSolution
		{ACCCB9EB-7A40-4B73-AA83-A6A71861BA76}.Debug|Any CPU.ActiveCfg = Debug|Any CPU
		{ACCCB9EB-7A40-4B73-AA83-A6A71861BA76}.Debug|Any CPU.Build.0 = Debug|Any CPU
		{ACCCB9EB-7A40-4B73-AA83-A6A71861BA76}.Release|Any CPU.ActiveCfg = Release|Any CPU
		{ACCCB9EB-7A40-4B73-AA83-A6A71861BA76}.Release|Any CPU.Build.0 = Release|Any CPU
	EndGlobalSection
	GlobalSection(SolutionProperties) = preSolution
		HideSolutionNode = FALSE
	EndGlobalSection
	GlobalSection(ExtensibilityGlobals) = postSolution
		SolutionGuid = {B55E6AAD-2B26-45A6-9591-27867642B5DF}
	EndGlobalSection
EndGlobal
